// !$*UTF8*$!
{
	archiveVersion = 1;
	classes = {
	};
	objectVersion = 50;
	objects = {

/* Begin PBXBuildFile section */
		4234145121675CE100697623 /* MainViewController.swift in Sources */ = {isa = PBXBuildFile; fileRef = 4234145021675CE100697623 /* MainViewController.swift */; };
		42341459216769C900697623 /* HomeViewController.swift in Sources */ = {isa = PBXBuildFile; fileRef = 42341458216769C900697623 /* HomeViewController.swift */; };
		4234145C2167730800697623 /* UIBarButtonItem-Extension.swift in Sources */ = {isa = PBXBuildFile; fileRef = 4234145B2167730800697623 /* UIBarButtonItem-Extension.swift */; };
		4251B1E421709DE700E83E71 /* RecommendViewController.swift in Sources */ = {isa = PBXBuildFile; fileRef = 4251B1E321709DE700E83E71 /* RecommendViewController.swift */; };
		4259DBF9216B4F4A0017C242 /* PageTitleView.swift in Sources */ = {isa = PBXBuildFile; fileRef = 4259DBF8216B4F4A0017C242 /* PageTitleView.swift */; };
		4259DBFB216B58070017C242 /* Common.swift in Sources */ = {isa = PBXBuildFile; fileRef = 4259DBFA216B58070017C242 /* Common.swift */; };
		4259DBFD216B716C0017C242 /* PageContentView.swift in Sources */ = {isa = PBXBuildFile; fileRef = 4259DBFC216B716C0017C242 /* PageContentView.swift */; };
		42D0A80921662BD1008DC02D /* AppDelegate.swift in Sources */ = {isa = PBXBuildFile; fileRef = 42D0A80821662BD1008DC02D /* AppDelegate.swift */; };
		42D0A80E21662BD1008DC02D /* Main.storyboard in Resources */ = {isa = PBXBuildFile; fileRef = 42D0A80C21662BD1008DC02D /* Main.storyboard */; };
		42D0A81021662BD2008DC02D /* Assets.xcassets in Resources */ = {isa = PBXBuildFile; fileRef = 42D0A80F21662BD2008DC02D /* Assets.xcassets */; };
		42D0A81321662BD2008DC02D /* LaunchScreen.storyboard in Resources */ = {isa = PBXBuildFile; fileRef = 42D0A81121662BD2008DC02D /* LaunchScreen.storyboard */; };
		42D0A829216755DA008DC02D /* Home.storyboard in Resources */ = {isa = PBXBuildFile; fileRef = 42D0A827216755DA008DC02D /* Home.storyboard */; };
		42D0A82C21675623008DC02D /* Live.storyboard in Resources */ = {isa = PBXBuildFile; fileRef = 42D0A82A21675623008DC02D /* Live.storyboard */; };
		42D0A82F21675651008DC02D /* Follow.storyboard in Resources */ = {isa = PBXBuildFile; fileRef = 42D0A82D21675651008DC02D /* Follow.storyboard */; };
		42D0A83221675674008DC02D /* Profile.storyboard in Resources */ = {isa = PBXBuildFile; fileRef = 42D0A83021675674008DC02D /* Profile.storyboard */; };
		42F6C596216CA99C0002B0E9 /* UIColor-Extension.swift in Sources */ = {isa = PBXBuildFile; fileRef = 42F6C595216CA99C0002B0E9 /* UIColor-Extension.swift */; };
/* End PBXBuildFile section */

/* Begin PBXFileReference section */
		4234145021675CE100697623 /* MainViewController.swift */ = {isa = PBXFileReference; lastKnownFileType = sourcecode.swift; path = MainViewController.swift; sourceTree = "<group>"; };
		42341458216769C900697623 /* HomeViewController.swift */ = {isa = PBXFileReference; lastKnownFileType = sourcecode.swift; path = HomeViewController.swift; sourceTree = "<group>"; };
		4234145B2167730800697623 /* UIBarButtonItem-Extension.swift */ = {isa = PBXFileReference; lastKnownFileType = sourcecode.swift; path = "UIBarButtonItem-Extension.swift"; sourceTree = "<group>"; };
		4251B1E321709DE700E83E71 /* RecommendViewController.swift */ = {isa = PBXFileReference; lastKnownFileType = sourcecode.swift; path = RecommendViewController.swift; sourceTree = "<group>"; };
		4259DBF8216B4F4A0017C242 /* PageTitleView.swift */ = {isa = PBXFileReference; lastKnownFileType = sourcecode.swift; path = PageTitleView.swift; sourceTree = "<group>"; };
		4259DBFA216B58070017C242 /* Common.swift */ = {isa = PBXFileReference; lastKnownFileType = sourcecode.swift; path = Common.swift; sourceTree = "<group>"; };
		4259DBFC216B716C0017C242 /* PageContentView.swift */ = {isa = PBXFileReference; lastKnownFileType = sourcecode.swift; path = PageContentView.swift; sourceTree = "<group>"; };
		42D0A80521662BD1008DC02D /* DYZB.app */ = {isa = PBXFileReference; explicitFileType = wrapper.application; includeInIndex = 0; path = DYZB.app; sourceTree = BUILT_PRODUCTS_DIR; };
		42D0A80821662BD1008DC02D /* AppDelegate.swift */ = {isa = PBXFileReference; lastKnownFileType = sourcecode.swift; path = AppDelegate.swift; sourceTree = "<group>"; };
		42D0A80D21662BD1008DC02D /* Base */ = {isa = PBXFileReference; lastKnownFileType = file.storyboard; name = Base; path = Base.lproj/Main.storyboard; sourceTree = "<group>"; };
		42D0A80F21662BD2008DC02D /* Assets.xcassets */ = {isa = PBXFileReference; lastKnownFileType = folder.assetcatalog; path = Assets.xcassets; sourceTree = "<group>"; };
		42D0A81221662BD2008DC02D /* Base */ = {isa = PBXFileReference; lastKnownFileType = file.storyboard; name = Base; path = Base.lproj/LaunchScreen.storyboard; sourceTree = "<group>"; };
		42D0A81421662BD2008DC02D /* Info.plist */ = {isa = PBXFileReference; lastKnownFileType = text.plist.xml; path = Info.plist; sourceTree = "<group>"; };
		42D0A828216755DA008DC02D /* Base */ = {isa = PBXFileReference; lastKnownFileType = file.storyboard; name = Base; path = Base.lproj/Home.storyboard; sourceTree = "<group>"; };
		42D0A82B21675623008DC02D /* Base */ = {isa = PBXFileReference; lastKnownFileType = file.storyboard; name = Base; path = Base.lproj/Live.storyboard; sourceTree = "<group>"; };
		42D0A82E21675651008DC02D /* Base */ = {isa = PBXFileReference; lastKnownFileType = file.storyboard; name = Base; path = Base.lproj/Follow.storyboard; sourceTree = "<group>"; };
		42D0A83121675674008DC02D /* Base */ = {isa = PBXFileReference; lastKnownFileType = file.storyboard; name = Base; path = Base.lproj/Profile.storyboard; sourceTree = "<group>"; };
		42F6C595216CA99C0002B0E9 /* UIColor-Extension.swift */ = {isa = PBXFileReference; lastKnownFileType = sourcecode.swift; path = "UIColor-Extension.swift"; sourceTree = "<group>"; };
/* End PBXFileReference section */

/* Begin PBXFrameworksBuildPhase section */
		42D0A80221662BD1008DC02D /* Frameworks */ = {
			isa = PBXFrameworksBuildPhase;
			buildActionMask = 2147483647;
			files = (
			);
			runOnlyForDeploymentPostprocessing = 0;
		};
/* End PBXFrameworksBuildPhase section */

/* Begin PBXGroup section */
		423414522167692F00697623 /* Controller */ = {
			isa = PBXGroup;
			children = (
				42D0A827216755DA008DC02D /* Home.storyboard */,
				42341458216769C900697623 /* HomeViewController.swift */,
				4251B1E321709DE700E83E71 /* RecommendViewController.swift */,
			);
			path = Controller;
			sourceTree = "<group>";
		};
		423414532167693500697623 /* View */ = {
			isa = PBXGroup;
			children = (
			);
			path = View;
			sourceTree = "<group>";
		};
		423414542167693C00697623 /* Model */ = {
			isa = PBXGroup;
			children = (
			);
			path = Model;
			sourceTree = "<group>";
		};
		423414552167695E00697623 /* Controller */ = {
			isa = PBXGroup;
			children = (
				42D0A80C21662BD1008DC02D /* Main.storyboard */,
				4234145021675CE100697623 /* MainViewController.swift */,
			);
			path = Controller;
			sourceTree = "<group>";
		};
		423414562167696100697623 /* View */ = {
			isa = PBXGroup;
			children = (
				4259DBF8216B4F4A0017C242 /* PageTitleView.swift */,
				4259DBFC216B716C0017C242 /* PageContentView.swift */,
			);
			path = View;
			sourceTree = "<group>";
		};
		423414572167696400697623 /* Model */ = {
			isa = PBXGroup;
			children = (
			);
			path = Model;
			sourceTree = "<group>";
		};
		4234145A216772BB00697623 /* Extension */ = {
			isa = PBXGroup;
			children = (
				4234145B2167730800697623 /* UIBarButtonItem-Extension.swift */,
				42F6C595216CA99C0002B0E9 /* UIColor-Extension.swift */,
			);
			path = Extension;
			sourceTree = "<group>";
		};
		42D0A7FC21662BD1008DC02D = {
			isa = PBXGroup;
			children = (
				42D0A80721662BD1008DC02D /* DYZB */,
				42D0A80621662BD1008DC02D /* Products */,
			);
			sourceTree = "<group>";
		};
		42D0A80621662BD1008DC02D /* Products */ = {
			isa = PBXGroup;
			children = (
				42D0A80521662BD1008DC02D /* DYZB.app */,
			);
			name = Products;
			sourceTree = "<group>";
		};
		42D0A80721662BD1008DC02D /* DYZB */ = {
			isa = PBXGroup;
			children = (
				42D0A81A21662DFD008DC02D /* Classes */,
				42D0A80821662BD1008DC02D /* AppDelegate.swift */,
				42D0A80F21662BD2008DC02D /* Assets.xcassets */,
				42D0A81121662BD2008DC02D /* LaunchScreen.storyboard */,
				42D0A81421662BD2008DC02D /* Info.plist */,
			);
			path = DYZB;
			sourceTree = "<group>";
		};
		42D0A81A21662DFD008DC02D /* Classes */ = {
			isa = PBXGroup;
			children = (
				42D0A81B21662E0E008DC02D /* Main */,
				42D0A81C21662E1E008DC02D /* Home */,
				42D0A81E21662E2D008DC02D /* Live */,
				42D0A81D21662E26008DC02D /* Follow */,
				42D0A82021662E3E008DC02D /* Profile */,
				42D0A81F21662E35008DC02D /* Tools */,
			);
			path = Classes;
			sourceTree = "<group>";
		};
		42D0A81B21662E0E008DC02D /* Main */ = {
			isa = PBXGroup;
			children = (
				423414572167696400697623 /* Model */,
				423414562167696100697623 /* View */,
				423414552167695E00697623 /* Controller */,
			);
			path = Main;
			sourceTree = "<group>";
		};
		42D0A81C21662E1E008DC02D /* Home */ = {
			isa = PBXGroup;
			children = (
				423414542167693C00697623 /* Model */,
				423414532167693500697623 /* View */,
				423414522167692F00697623 /* Controller */,
			);
			path = Home;
			sourceTree = "<group>";
		};
		42D0A81D21662E26008DC02D /* Follow */ = {
			isa = PBXGroup;
			children = (
				42D0A82D21675651008DC02D /* Follow.storyboard */,
			);
			path = Follow;
			sourceTree = "<group>";
		};
		42D0A81E21662E2D008DC02D /* Live */ = {
			isa = PBXGroup;
			children = (
				42D0A82A21675623008DC02D /* Live.storyboard */,
			);
			path = Live;
			sourceTree = "<group>";
		};
		42D0A81F21662E35008DC02D /* Tools */ = {
			isa = PBXGroup;
			children = (
				4234145A216772BB00697623 /* Extension */,
				4259DBFA216B58070017C242 /* Common.swift */,
			);
			path = Tools;
			sourceTree = "<group>";
		};
		42D0A82021662E3E008DC02D /* Profile */ = {
			isa = PBXGroup;
			children = (
				42D0A83021675674008DC02D /* Profile.storyboard */,
			);
			path = Profile;
			sourceTree = "<group>";
		};
/* End PBXGroup section */

/* Begin PBXNativeTarget section */
		42D0A80421662BD1008DC02D /* DYZB */ = {
			isa = PBXNativeTarget;
			buildConfigurationList = 42D0A81721662BD2008DC02D /* Build configuration list for PBXNativeTarget "DYZB" */;
			buildPhases = (
				42D0A80121662BD1008DC02D /* Sources */,
				42D0A80221662BD1008DC02D /* Frameworks */,
				42D0A80321662BD1008DC02D /* Resources */,
			);
			buildRules = (
			);
			dependencies = (
			);
			name = DYZB;
			productName = DYZB;
			productReference = 42D0A80521662BD1008DC02D /* DYZB.app */;
			productType = "com.apple.product-type.application";
		};
/* End PBXNativeTarget section */

/* Begin PBXProject section */
		42D0A7FD21662BD1008DC02D /* Project object */ = {
			isa = PBXProject;
			attributes = {
				LastSwiftUpdateCheck = 1000;
				LastUpgradeCheck = 1000;
				ORGANIZATIONNAME = ChrisYoung;
				TargetAttributes = {
					42D0A80421662BD1008DC02D = {
						CreatedOnToolsVersion = 10.0;
					};
				};
			};
			buildConfigurationList = 42D0A80021662BD1008DC02D /* Build configuration list for PBXProject "DYZB" */;
			compatibilityVersion = "Xcode 9.3";
			developmentRegion = en;
			hasScannedForEncodings = 0;
			knownRegions = (
				en,
				Base,
			);
			mainGroup = 42D0A7FC21662BD1008DC02D;
			productRefGroup = 42D0A80621662BD1008DC02D /* Products */;
			projectDirPath = "";
			projectRoot = "";
			targets = (
				42D0A80421662BD1008DC02D /* DYZB */,
			);
		};
/* End PBXProject section */

/* Begin PBXResourcesBuildPhase section */
		42D0A80321662BD1008DC02D /* Resources */ = {
			isa = PBXResourcesBuildPhase;
			buildActionMask = 2147483647;
			files = (
				42D0A81321662BD2008DC02D /* LaunchScreen.storyboard in Resources */,
				42D0A81021662BD2008DC02D /* Assets.xcassets in Resources */,
				42D0A80E21662BD1008DC02D /* Main.storyboard in Resources */,
				42D0A82C21675623008DC02D /* Live.storyboard in Resources */,
				42D0A829216755DA008DC02D /* Home.storyboard in Resources */,
				42D0A83221675674008DC02D /* Profile.storyboard in Resources */,
				42D0A82F21675651008DC02D /* Follow.storyboard in Resources */,
			);
			runOnlyForDeploymentPostprocessing = 0;
		};
/* End PBXResourcesBuildPhase section */

/* Begin PBXSourcesBuildPhase section */
		42D0A80121662BD1008DC02D /* Sources */ = {
			isa = PBXSourcesBuildPhase;
			buildActionMask = 2147483647;
			files = (
				42D0A80921662BD1008DC02D /* AppDelegate.swift in Sources */,
				42F6C596216CA99C0002B0E9 /* UIColor-Extension.swift in Sources */,
				4251B1E421709DE700E83E71 /* RecommendViewController.swift in Sources */,
				4234145121675CE100697623 /* MainViewController.swift in Sources */,
				4259DBF9216B4F4A0017C242 /* PageTitleView.swift in Sources */,
				4259DBFD216B716C0017C242 /* PageContentView.swift in Sources */,
				4234145C2167730800697623 /* UIBarButtonItem-Extension.swift in Sources */,
				4259DBFB216B58070017C242 /* Common.swift in Sources */,
				42341459216769C900697623 /* HomeViewController.swift in Sources */,
			);
			runOnlyForDeploymentPostprocessing = 0;
		};
/* End PBXSourcesBuildPhase section */

/* Begin PBXVariantGroup section */
		42D0A80C21662BD1008DC02D /* Main.storyboard */ = {
			isa = PBXVariantGroup;
			children = (
				42D0A80D21662BD1008DC02D /* Base */,
			);
			name = Main.storyboard;
			sourceTree = "<group>";
		};
		42D0A81121662BD2008DC02D /* LaunchScreen.storyboard */ = {
			isa = PBXVariantGroup;
			children = (
				42D0A81221662BD2008DC02D /* Base */,
			);
			name = LaunchScreen.storyboard;
			sourceTree = "<group>";
		};
		42D0A827216755DA008DC02D /* Home.storyboard */ = {
			isa = PBXVariantGroup;
			children = (
				42D0A828216755DA008DC02D /* Base */,
			);
			name = Home.storyboard;
			sourceTree = "<group>";
		};
		42D0A82A21675623008DC02D /* Live.storyboard */ = {
			isa = PBXVariantGroup;
			children = (
				42D0A82B21675623008DC02D /* Base */,
			);
			name = Live.storyboard;
			sourceTree = "<group>";
		};
		42D0A82D21675651008DC02D /* Follow.storyboard */ = {
			isa = PBXVariantGroup;
			children = (
				42D0A82E21675651008DC02D /* Base */,
			);
			name = Follow.storyboard;
			sourceTree = "<group>";
		};
		42D0A83021675674008DC02D /* Profile.storyboard */ = {
			isa = PBXVariantGroup;
			children = (
				42D0A83121675674008DC02D /* Base */,
			);
			name = Profile.storyboard;
			sourceTree = "<group>";
		};
/* End PBXVariantGroup section */

/* Begin XCBuildConfiguration section */
		42D0A81521662BD2008DC02D /* Debug */ = {
			isa = XCBuildConfiguration;
			buildSettings = {
				ALWAYS_SEARCH_USER_PATHS = NO;
				CLANG_ANALYZER_NONNULL = YES;
				CLANG_ANALYZER_NUMBER_OBJECT_CONVERSION = YES_AGGRESSIVE;
				CLANG_CXX_LANGUAGE_STANDARD = "gnu++14";
				CLANG_CXX_LIBRARY = "libc++";
				CLANG_ENABLE_MODULES = YES;
				CLANG_ENABLE_OBJC_ARC = YES;
				CLANG_ENABLE_OBJC_WEAK = YES;
				CLANG_WARN_BLOCK_CAPTURE_AUTORELEASING = YES;
				CLANG_WARN_BOOL_CONVERSION = YES;
				CLANG_WARN_COMMA = YES;
				CLANG_WARN_CONSTANT_CONVERSION = YES;
				CLANG_WARN_DEPRECATED_OBJC_IMPLEMENTATIONS = YES;
				CLANG_WARN_DIRECT_OBJC_ISA_USAGE = YES_ERROR;
				CLANG_WARN_DOCUMENTATION_COMMENTS = YES;
				CLANG_WARN_EMPTY_BODY = YES;
				CLANG_WARN_ENUM_CONVERSION = YES;
				CLANG_WARN_INFINITE_RECURSION = YES;
				CLANG_WARN_INT_CONVERSION = YES;
				CLANG_WARN_NON_LITERAL_NULL_CONVERSION = YES;
				CLANG_WARN_OBJC_IMPLICIT_RETAIN_SELF = YES;
				CLANG_WARN_OBJC_LITERAL_CONVERSION = YES;
				CLANG_WARN_OBJC_ROOT_CLASS = YES_ERROR;
				CLANG_WARN_RANGE_LOOP_ANALYSIS = YES;
				CLANG_WARN_STRICT_PROTOTYPES = YES;
				CLANG_WARN_SUSPICIOUS_MOVE = YES;
				CLANG_WARN_UNGUARDED_AVAILABILITY = YES_AGGRESSIVE;
				CLANG_WARN_UNREACHABLE_CODE = YES;
				CLANG_WARN__DUPLICATE_METHOD_MATCH = YES;
				CODE_SIGN_IDENTITY = "iPhone Developer";
				COPY_PHASE_STRIP = NO;
				DEBUG_INFORMATION_FORMAT = dwarf;
				ENABLE_STRICT_OBJC_MSGSEND = YES;
				ENABLE_TESTABILITY = YES;
				GCC_C_LANGUAGE_STANDARD = gnu11;
				GCC_DYNAMIC_NO_PIC = NO;
				GCC_NO_COMMON_BLOCKS = YES;
				GCC_OPTIMIZATION_LEVEL = 0;
				GCC_PREPROCESSOR_DEFINITIONS = (
					"DEBUG=1",
					"$(inherited)",
				);
				GCC_WARN_64_TO_32_BIT_CONVERSION = YES;
				GCC_WARN_ABOUT_RETURN_TYPE = YES_ERROR;
				GCC_WARN_UNDECLARED_SELECTOR = YES;
				GCC_WARN_UNINITIALIZED_AUTOS = YES_AGGRESSIVE;
				GCC_WARN_UNUSED_FUNCTION = YES;
				GCC_WARN_UNUSED_VARIABLE = YES;
				IPHONEOS_DEPLOYMENT_TARGET = 12.0;
				MTL_ENABLE_DEBUG_INFO = INCLUDE_SOURCE;
				MTL_FAST_MATH = YES;
				ONLY_ACTIVE_ARCH = YES;
				SDKROOT = iphoneos;
				SWIFT_ACTIVE_COMPILATION_CONDITIONS = DEBUG;
				SWIFT_OPTIMIZATION_LEVEL = "-Onone";
			};
			name = Debug;
		};
		42D0A81621662BD2008DC02D /* Release */ = {
			isa = XCBuildConfiguration;
			buildSettings = {
				ALWAYS_SEARCH_USER_PATHS = NO;
				CLANG_ANALYZER_NONNULL = YES;
				CLANG_ANALYZER_NUMBER_OBJECT_CONVERSION = YES_AGGRESSIVE;
				CLANG_CXX_LANGUAGE_STANDARD = "gnu++14";
				CLANG_CXX_LIBRARY = "libc++";
				CLANG_ENABLE_MODULES = YES;
				CLANG_ENABLE_OBJC_ARC = YES;
				CLANG_ENABLE_OBJC_WEAK = YES;
				CLANG_WARN_BLOCK_CAPTURE_AUTORELEASING = YES;
				CLANG_WARN_BOOL_CONVERSION = YES;
				CLANG_WARN_COMMA = YES;
				CLANG_WARN_CONSTANT_CONVERSION = YES;
				CLANG_WARN_DEPRECATED_OBJC_IMPLEMENTATIONS = YES;
				CLANG_WARN_DIRECT_OBJC_ISA_USAGE = YES_ERROR;
				CLANG_WARN_DOCUMENTATION_COMMENTS = YES;
				CLANG_WARN_EMPTY_BODY = YES;
				CLANG_WARN_ENUM_CONVERSION = YES;
				CLANG_WARN_INFINITE_RECURSION = YES;
				CLANG_WARN_INT_CONVERSION = YES;
				CLANG_WARN_NON_LITERAL_NULL_CONVERSION = YES;
				CLANG_WARN_OBJC_IMPLICIT_RETAIN_SELF = YES;
				CLANG_WARN_OBJC_LITERAL_CONVERSION = YES;
				CLANG_WARN_OBJC_ROOT_CLASS = YES_ERROR;
				CLANG_WARN_RANGE_LOOP_ANALYSIS = YES;
				CLANG_WARN_STRICT_PROTOTYPES = YES;
				CLANG_WARN_SUSPICIOUS_MOVE = YES;
				CLANG_WARN_UNGUARDED_AVAILABILITY = YES_AGGRESSIVE;
				CLANG_WARN_UNREACHABLE_CODE = YES;
				CLANG_WARN__DUPLICATE_METHOD_MATCH = YES;
				CODE_SIGN_IDENTITY = "iPhone Developer";
				COPY_PHASE_STRIP = NO;
				DEBUG_INFORMATION_FORMAT = "dwarf-with-dsym";
				ENABLE_NS_ASSERTIONS = NO;
				ENABLE_STRICT_OBJC_MSGSEND = YES;
				GCC_C_LANGUAGE_STANDARD = gnu11;
				GCC_NO_COMMON_BLOCKS = YES;
				GCC_WARN_64_TO_32_BIT_CONVERSION = YES;
				GCC_WARN_ABOUT_RETURN_TYPE = YES_ERROR;
				GCC_WARN_UNDECLARED_SELECTOR = YES;
				GCC_WARN_UNINITIALIZED_AUTOS = YES_AGGRESSIVE;
				GCC_WARN_UNUSED_FUNCTION = YES;
				GCC_WARN_UNUSED_VARIABLE = YES;
				IPHONEOS_DEPLOYMENT_TARGET = 12.0;
				MTL_ENABLE_DEBUG_INFO = NO;
				MTL_FAST_MATH = YES;
				SDKROOT = iphoneos;
				SWIFT_COMPILATION_MODE = wholemodule;
				SWIFT_OPTIMIZATION_LEVEL = "-O";
				VALIDATE_PRODUCT = YES;
			};
			name = Release;
		};
		42D0A81821662BD2008DC02D /* Debug */ = {
			isa = XCBuildConfiguration;
			buildSettings = {
				ASSETCATALOG_COMPILER_APPICON_NAME = AppIcon;
				ASSETCATALOG_COMPILER_LAUNCHIMAGE_NAME = "Brand Assets";
				CODE_SIGN_STYLE = Automatic;
				DEVELOPMENT_TEAM = T9EWCF83UK;
				INFOPLIST_FILE = DYZB/Info.plist;
				IPHONEOS_DEPLOYMENT_TARGET = 9.0;
				LD_RUNPATH_SEARCH_PATHS = (
					"$(inherited)",
					"@executable_path/Frameworks",
				);
				PRODUCT_BUNDLE_IDENTIFIER = com.chrisyoung.DYZB;
				PRODUCT_NAME = "$(TARGET_NAME)";
				SWIFT_VERSION = 4.2;
				TARGETED_DEVICE_FAMILY = 1;
			};
			name = Debug;
		};
		42D0A81921662BD2008DC02D /* Release */ = {
			isa = XCBuildConfiguration;
			buildSettings = {
				ASSETCATALOG_COMPILER_APPICON_NAME = AppIcon;
				ASSETCATALOG_COMPILER_LAUNCHIMAGE_NAME = "Brand Assets";
				CODE_SIGN_STYLE = Automatic;
				DEVELOPMENT_TEAM = T9EWCF83UK;
				INFOPLIST_FILE = DYZB/Info.plist;
				IPHONEOS_DEPLOYMENT_TARGET = 9.0;
				LD_RUNPATH_SEARCH_PATHS = (
					"$(inherited)",
					"@executable_path/Frameworks",
				);
				PRODUCT_BUNDLE_IDENTIFIER = com.chrisyoung.DYZB;
				PRODUCT_NAME = "$(TARGET_NAME)";
				SWIFT_VERSION = 4.2;
				TARGETED_DEVICE_FAMILY = 1;
			};
			name = Release;
		};
/* End XCBuildConfiguration section */

/* Begin XCConfigurationList section */
		42D0A80021662BD1008DC02D /* Build configuration list for PBXProject "DYZB" */ = {
			isa = XCConfigurationList;
			buildConfigurations = (
				42D0A81521662BD2008DC02D /* Debug */,
				42D0A81621662BD2008DC02D /* Release */,
			);
			defaultConfigurationIsVisible = 0;
			defaultConfigurationName = Release;
		};
		42D0A81721662BD2008DC02D /* Build configuration list for PBXNativeTarget "DYZB" */ = {
			isa = XCConfigurationList;
			buildConfigurations = (
				42D0A81821662BD2008DC02D /* Debug */,
				42D0A81921662BD2008DC02D /* Release */,
			);
			defaultConfigurationIsVisible = 0;
			defaultConfigurationName = Release;
		};
/* End XCConfigurationList section */
	};
	rootObject = 42D0A7FD21662BD1008DC02D /* Project object */;
}
