// !$*UTF8*$!
{
	archiveVersion = 1;
	classes = {
	};
	objectVersion = 50;
	objects = {

/* Begin PBXBuildFile section */
		42080733219ACBF400ADDAA4 /* AmuseViewController.swift in Sources */ = {isa = PBXBuildFile; fileRef = 42080732219ACBF400ADDAA4 /* AmuseViewController.swift */; };
		42080735219AD58C00ADDAA4 /* AmuseViewModel.swift in Sources */ = {isa = PBXBuildFile; fileRef = 42080734219AD58C00ADDAA4 /* AmuseViewModel.swift */; };
		42080737219AE51800ADDAA4 /* BaseAnchorViewController.swift in Sources */ = {isa = PBXBuildFile; fileRef = 42080736219AE51800ADDAA4 /* BaseAnchorViewController.swift */; };
		420E949521958B19005501CA /* GameViewController.swift in Sources */ = {isa = PBXBuildFile; fileRef = 420E949421958B19005501CA /* GameViewController.swift */; };
		4234145121675CE100697623 /* MainViewController.swift in Sources */ = {isa = PBXBuildFile; fileRef = 4234145021675CE100697623 /* MainViewController.swift */; };
		42341459216769C900697623 /* HomeViewController.swift in Sources */ = {isa = PBXBuildFile; fileRef = 42341458216769C900697623 /* HomeViewController.swift */; };
		4234145C2167730800697623 /* UIBarButtonItem-Extension.swift in Sources */ = {isa = PBXBuildFile; fileRef = 4234145B2167730800697623 /* UIBarButtonItem-Extension.swift */; };
		423EED9A2175E7E6009712EF /* NetworkTools.swift in Sources */ = {isa = PBXBuildFile; fileRef = 423EED992175E7E6009712EF /* NetworkTools.swift */; };
		423EED9D2175F121009712EF /* RecommendViewModel.swift in Sources */ = {isa = PBXBuildFile; fileRef = 423EED9C2175F121009712EF /* RecommendViewModel.swift */; };
		423EED9F2175F44E009712EF /* Date-Extension.swift in Sources */ = {isa = PBXBuildFile; fileRef = 423EED9E2175F44E009712EF /* Date-Extension.swift */; };
		423EEDA12175FE85009712EF /* AnchorGroup.swift in Sources */ = {isa = PBXBuildFile; fileRef = 423EEDA02175FE85009712EF /* AnchorGroup.swift */; };
		423EEDA3217602A9009712EF /* AnchorModel.swift in Sources */ = {isa = PBXBuildFile; fileRef = 423EEDA2217602A9009712EF /* AnchorModel.swift */; };
		4244DAB5218860AA00C1C5F2 /* RecommendGameView.swift in Sources */ = {isa = PBXBuildFile; fileRef = 4244DAB4218860AA00C1C5F2 /* RecommendGameView.swift */; };
		4244DAB7218860BC00C1C5F2 /* RecommendGameView.xib in Resources */ = {isa = PBXBuildFile; fileRef = 4244DAB6218860BC00C1C5F2 /* RecommendGameView.xib */; };
		4244DABA21886F4100C1C5F2 /* CollectionGameCell.swift in Sources */ = {isa = PBXBuildFile; fileRef = 4244DAB821886F4100C1C5F2 /* CollectionGameCell.swift */; };
		4244DABB21886F4100C1C5F2 /* CollectionGameCell.xib in Resources */ = {isa = PBXBuildFile; fileRef = 4244DAB921886F4100C1C5F2 /* CollectionGameCell.xib */; };
		4246B7EC217883F70038AC88 /* BaseGameModel.swift in Sources */ = {isa = PBXBuildFile; fileRef = 4246B7EB217883F70038AC88 /* BaseGameModel.swift */; };
		4246B7EE2178878C0038AC88 /* BaseViewModel.swift in Sources */ = {isa = PBXBuildFile; fileRef = 4246B7ED2178878C0038AC88 /* BaseViewModel.swift */; };
		424BEC3D21830595001DF373 /* RecommendCycleView.swift in Sources */ = {isa = PBXBuildFile; fileRef = 424BEC3C21830595001DF373 /* RecommendCycleView.swift */; };
		424BEC3F218305EC001DF373 /* RecommendCycleView.xib in Resources */ = {isa = PBXBuildFile; fileRef = 424BEC3E218305EC001DF373 /* RecommendCycleView.xib */; };
		424BEC41218325AE001DF373 /* CycleModel.swift in Sources */ = {isa = PBXBuildFile; fileRef = 424BEC40218325AE001DF373 /* CycleModel.swift */; };
		424E1077219EAA5C00497EF8 /* FunnyViewController.swift in Sources */ = {isa = PBXBuildFile; fileRef = 424E1076219EAA5C00497EF8 /* FunnyViewController.swift */; };
		4251B1E421709DE700E83E71 /* RecommendViewController.swift in Sources */ = {isa = PBXBuildFile; fileRef = 4251B1E321709DE700E83E71 /* RecommendViewController.swift */; };
		4259DBF9216B4F4A0017C242 /* PageTitleView.swift in Sources */ = {isa = PBXBuildFile; fileRef = 4259DBF8216B4F4A0017C242 /* PageTitleView.swift */; };
		4259DBFB216B58070017C242 /* Common.swift in Sources */ = {isa = PBXBuildFile; fileRef = 4259DBFA216B58070017C242 /* Common.swift */; };
		4259DBFD216B716C0017C242 /* PageContentView.swift in Sources */ = {isa = PBXBuildFile; fileRef = 4259DBFC216B716C0017C242 /* PageContentView.swift */; };
		4270D43A21996FEF00AB6313 /* GameViewModel.swift in Sources */ = {isa = PBXBuildFile; fileRef = 4270D43921996FEF00AB6313 /* GameViewModel.swift */; };
		4270D43C219973A800AB6313 /* GameModel.swift in Sources */ = {isa = PBXBuildFile; fileRef = 4270D43B219973A800AB6313 /* GameModel.swift */; };
		428C16E121748E4100725129 /* CollectionHeaderView.swift in Sources */ = {isa = PBXBuildFile; fileRef = 428C16DF21748E4100725129 /* CollectionHeaderView.swift */; };
		428C16E221748E4100725129 /* CollectionHeaderView.xib in Resources */ = {isa = PBXBuildFile; fileRef = 428C16E021748E4100725129 /* CollectionHeaderView.xib */; };
		428C16E72174984200725129 /* CollectionNormalCell.swift in Sources */ = {isa = PBXBuildFile; fileRef = 428C16E52174984200725129 /* CollectionNormalCell.swift */; };
		428C16E82174984200725129 /* CollectionNormalCell.xib in Resources */ = {isa = PBXBuildFile; fileRef = 428C16E62174984200725129 /* CollectionNormalCell.xib */; };
		428C16EB21749F1800725129 /* CollectionPrettyCell.swift in Sources */ = {isa = PBXBuildFile; fileRef = 428C16E921749F1800725129 /* CollectionPrettyCell.swift */; };
		428C16EC21749F1800725129 /* CollectionPrettyCell.xib in Resources */ = {isa = PBXBuildFile; fileRef = 428C16EA21749F1800725129 /* CollectionPrettyCell.xib */; };
		429DD47B2181D2A800257686 /* CollectionBaseCell.swift in Sources */ = {isa = PBXBuildFile; fileRef = 429DD47A2181D2A800257686 /* CollectionBaseCell.swift */; };
		42D0A80921662BD1008DC02D /* AppDelegate.swift in Sources */ = {isa = PBXBuildFile; fileRef = 42D0A80821662BD1008DC02D /* AppDelegate.swift */; };
		42D0A80E21662BD1008DC02D /* Main.storyboard in Resources */ = {isa = PBXBuildFile; fileRef = 42D0A80C21662BD1008DC02D /* Main.storyboard */; };
		42D0A81021662BD2008DC02D /* Assets.xcassets in Resources */ = {isa = PBXBuildFile; fileRef = 42D0A80F21662BD2008DC02D /* Assets.xcassets */; };
		42D0A81321662BD2008DC02D /* LaunchScreen.storyboard in Resources */ = {isa = PBXBuildFile; fileRef = 42D0A81121662BD2008DC02D /* LaunchScreen.storyboard */; };
		42D0A829216755DA008DC02D /* Home.storyboard in Resources */ = {isa = PBXBuildFile; fileRef = 42D0A827216755DA008DC02D /* Home.storyboard */; };
		42D0A82C21675623008DC02D /* Live.storyboard in Resources */ = {isa = PBXBuildFile; fileRef = 42D0A82A21675623008DC02D /* Live.storyboard */; };
		42D0A82F21675651008DC02D /* Follow.storyboard in Resources */ = {isa = PBXBuildFile; fileRef = 42D0A82D21675651008DC02D /* Follow.storyboard */; };
		42D0A83221675674008DC02D /* Profile.storyboard in Resources */ = {isa = PBXBuildFile; fileRef = 42D0A83021675674008DC02D /* Profile.storyboard */; };
		42DA07052187232A00C282AA /* CollectionCycleCell.swift in Sources */ = {isa = PBXBuildFile; fileRef = 42DA07032187232A00C282AA /* CollectionCycleCell.swift */; };
		42DA07062187232A00C282AA /* CollectionCycleCell.xib in Resources */ = {isa = PBXBuildFile; fileRef = 42DA07042187232A00C282AA /* CollectionCycleCell.xib */; };
		42E78981219C192F0076278F /* AmuseMenuView.swift in Sources */ = {isa = PBXBuildFile; fileRef = 42E78980219C192F0076278F /* AmuseMenuView.swift */; };
		42E78983219C19450076278F /* AmuseMenuView.xib in Resources */ = {isa = PBXBuildFile; fileRef = 42E78982219C19450076278F /* AmuseMenuView.xib */; };
		42E78986219C37DA0076278F /* AmuseMenuViewCell.swift in Sources */ = {isa = PBXBuildFile; fileRef = 42E78984219C37DA0076278F /* AmuseMenuViewCell.swift */; };
		42E78987219C37DA0076278F /* AmuseMenuViewCell.xib in Resources */ = {isa = PBXBuildFile; fileRef = 42E78985219C37DA0076278F /* AmuseMenuViewCell.xib */; };
		42F6C596216CA99C0002B0E9 /* UIColor-Extension.swift in Sources */ = {isa = PBXBuildFile; fileRef = 42F6C595216CA99C0002B0E9 /* UIColor-Extension.swift */; };
		BCBCC1CCC5A2A2AA91B90B77 /* Pods_DYZB.framework in Frameworks */ = {isa = PBXBuildFile; fileRef = 1165720147EFEAC83B3CFE7C /* Pods_DYZB.framework */; };
/* End PBXBuildFile section */

/* Begin PBXFileReference section */
		1165720147EFEAC83B3CFE7C /* Pods_DYZB.framework */ = {isa = PBXFileReference; explicitFileType = wrapper.framework; includeInIndex = 0; path = Pods_DYZB.framework; sourceTree = BUILT_PRODUCTS_DIR; };
		200B7DF52225801DE6AF405A /* Pods-DYZB.debug.xcconfig */ = {isa = PBXFileReference; includeInIndex = 1; lastKnownFileType = text.xcconfig; name = "Pods-DYZB.debug.xcconfig"; path = "Pods/Target Support Files/Pods-DYZB/Pods-DYZB.debug.xcconfig"; sourceTree = "<group>"; };
		42080732219ACBF400ADDAA4 /* AmuseViewController.swift */ = {isa = PBXFileReference; lastKnownFileType = sourcecode.swift; path = AmuseViewController.swift; sourceTree = "<group>"; };
		42080734219AD58C00ADDAA4 /* AmuseViewModel.swift */ = {isa = PBXFileReference; lastKnownFileType = sourcecode.swift; path = AmuseViewModel.swift; sourceTree = "<group>"; };
		42080736219AE51800ADDAA4 /* BaseAnchorViewController.swift */ = {isa = PBXFileReference; lastKnownFileType = sourcecode.swift; path = BaseAnchorViewController.swift; sourceTree = "<group>"; };
		420E949421958B19005501CA /* GameViewController.swift */ = {isa = PBXFileReference; lastKnownFileType = sourcecode.swift; path = GameViewController.swift; sourceTree = "<group>"; };
		4234145021675CE100697623 /* MainViewController.swift */ = {isa = PBXFileReference; lastKnownFileType = sourcecode.swift; path = MainViewController.swift; sourceTree = "<group>"; };
		42341458216769C900697623 /* HomeViewController.swift */ = {isa = PBXFileReference; lastKnownFileType = sourcecode.swift; path = HomeViewController.swift; sourceTree = "<group>"; };
		4234145B2167730800697623 /* UIBarButtonItem-Extension.swift */ = {isa = PBXFileReference; lastKnownFileType = sourcecode.swift; path = "UIBarButtonItem-Extension.swift"; sourceTree = "<group>"; };
		423EED992175E7E6009712EF /* NetworkTools.swift */ = {isa = PBXFileReference; lastKnownFileType = sourcecode.swift; path = NetworkTools.swift; sourceTree = "<group>"; };
		423EED9C2175F121009712EF /* RecommendViewModel.swift */ = {isa = PBXFileReference; lastKnownFileType = sourcecode.swift; path = RecommendViewModel.swift; sourceTree = "<group>"; };
		423EED9E2175F44E009712EF /* Date-Extension.swift */ = {isa = PBXFileReference; lastKnownFileType = sourcecode.swift; path = "Date-Extension.swift"; sourceTree = "<group>"; };
		423EEDA02175FE85009712EF /* AnchorGroup.swift */ = {isa = PBXFileReference; lastKnownFileType = sourcecode.swift; path = AnchorGroup.swift; sourceTree = "<group>"; };
		423EEDA2217602A9009712EF /* AnchorModel.swift */ = {isa = PBXFileReference; lastKnownFileType = sourcecode.swift; path = AnchorModel.swift; sourceTree = "<group>"; };
		4244DAB4218860AA00C1C5F2 /* RecommendGameView.swift */ = {isa = PBXFileReference; lastKnownFileType = sourcecode.swift; path = RecommendGameView.swift; sourceTree = "<group>"; };
		4244DAB6218860BC00C1C5F2 /* RecommendGameView.xib */ = {isa = PBXFileReference; lastKnownFileType = file.xib; path = RecommendGameView.xib; sourceTree = "<group>"; };
		4244DAB821886F4100C1C5F2 /* CollectionGameCell.swift */ = {isa = PBXFileReference; lastKnownFileType = sourcecode.swift; path = CollectionGameCell.swift; sourceTree = "<group>"; };
		4244DAB921886F4100C1C5F2 /* CollectionGameCell.xib */ = {isa = PBXFileReference; lastKnownFileType = file.xib; path = CollectionGameCell.xib; sourceTree = "<group>"; };
		4246B7EB217883F70038AC88 /* BaseGameModel.swift */ = {isa = PBXFileReference; lastKnownFileType = sourcecode.swift; path = BaseGameModel.swift; sourceTree = "<group>"; };
		4246B7ED2178878C0038AC88 /* BaseViewModel.swift */ = {isa = PBXFileReference; lastKnownFileType = sourcecode.swift; path = BaseViewModel.swift; sourceTree = "<group>"; };
		424BEC3C21830595001DF373 /* RecommendCycleView.swift */ = {isa = PBXFileReference; lastKnownFileType = sourcecode.swift; path = RecommendCycleView.swift; sourceTree = "<group>"; };
		424BEC3E218305EC001DF373 /* RecommendCycleView.xib */ = {isa = PBXFileReference; lastKnownFileType = file.xib; path = RecommendCycleView.xib; sourceTree = "<group>"; };
		424BEC40218325AE001DF373 /* CycleModel.swift */ = {isa = PBXFileReference; lastKnownFileType = sourcecode.swift; path = CycleModel.swift; sourceTree = "<group>"; };
		424E1076219EAA5C00497EF8 /* FunnyViewController.swift */ = {isa = PBXFileReference; lastKnownFileType = sourcecode.swift; path = FunnyViewController.swift; sourceTree = "<group>"; };
		4251B1E321709DE700E83E71 /* RecommendViewController.swift */ = {isa = PBXFileReference; lastKnownFileType = sourcecode.swift; path = RecommendViewController.swift; sourceTree = "<group>"; };
		4259DBF8216B4F4A0017C242 /* PageTitleView.swift */ = {isa = PBXFileReference; lastKnownFileType = sourcecode.swift; path = PageTitleView.swift; sourceTree = "<group>"; };
		4259DBFA216B58070017C242 /* Common.swift */ = {isa = PBXFileReference; lastKnownFileType = sourcecode.swift; path = Common.swift; sourceTree = "<group>"; };
		4259DBFC216B716C0017C242 /* PageContentView.swift */ = {isa = PBXFileReference; lastKnownFileType = sourcecode.swift; path = PageContentView.swift; sourceTree = "<group>"; };
		4270D43921996FEF00AB6313 /* GameViewModel.swift */ = {isa = PBXFileReference; lastKnownFileType = sourcecode.swift; path = GameViewModel.swift; sourceTree = "<group>"; };
		4270D43B219973A800AB6313 /* GameModel.swift */ = {isa = PBXFileReference; lastKnownFileType = sourcecode.swift; path = GameModel.swift; sourceTree = "<group>"; };
		428C16DF21748E4100725129 /* CollectionHeaderView.swift */ = {isa = PBXFileReference; lastKnownFileType = sourcecode.swift; path = CollectionHeaderView.swift; sourceTree = "<group>"; };
		428C16E021748E4100725129 /* CollectionHeaderView.xib */ = {isa = PBXFileReference; lastKnownFileType = file.xib; path = CollectionHeaderView.xib; sourceTree = "<group>"; };
		428C16E52174984200725129 /* CollectionNormalCell.swift */ = {isa = PBXFileReference; lastKnownFileType = sourcecode.swift; path = CollectionNormalCell.swift; sourceTree = "<group>"; };
		428C16E62174984200725129 /* CollectionNormalCell.xib */ = {isa = PBXFileReference; lastKnownFileType = file.xib; path = CollectionNormalCell.xib; sourceTree = "<group>"; };
		428C16E921749F1800725129 /* CollectionPrettyCell.swift */ = {isa = PBXFileReference; lastKnownFileType = sourcecode.swift; path = CollectionPrettyCell.swift; sourceTree = "<group>"; };
		428C16EA21749F1800725129 /* CollectionPrettyCell.xib */ = {isa = PBXFileReference; lastKnownFileType = file.xib; path = CollectionPrettyCell.xib; sourceTree = "<group>"; };
		429DD47A2181D2A800257686 /* CollectionBaseCell.swift */ = {isa = PBXFileReference; lastKnownFileType = sourcecode.swift; path = CollectionBaseCell.swift; sourceTree = "<group>"; };
		42D0A80521662BD1008DC02D /* DYZB.app */ = {isa = PBXFileReference; explicitFileType = wrapper.application; includeInIndex = 0; path = DYZB.app; sourceTree = BUILT_PRODUCTS_DIR; };
		42D0A80821662BD1008DC02D /* AppDelegate.swift */ = {isa = PBXFileReference; lastKnownFileType = sourcecode.swift; path = AppDelegate.swift; sourceTree = "<group>"; };
		42D0A80D21662BD1008DC02D /* Base */ = {isa = PBXFileReference; lastKnownFileType = file.storyboard; name = Base; path = Base.lproj/Main.storyboard; sourceTree = "<group>"; };
		42D0A80F21662BD2008DC02D /* Assets.xcassets */ = {isa = PBXFileReference; lastKnownFileType = folder.assetcatalog; path = Assets.xcassets; sourceTree = "<group>"; };
		42D0A81221662BD2008DC02D /* Base */ = {isa = PBXFileReference; lastKnownFileType = file.storyboard; name = Base; path = Base.lproj/LaunchScreen.storyboard; sourceTree = "<group>"; };
		42D0A81421662BD2008DC02D /* Info.plist */ = {isa = PBXFileReference; lastKnownFileType = text.plist.xml; path = Info.plist; sourceTree = "<group>"; };
		42D0A828216755DA008DC02D /* Base */ = {isa = PBXFileReference; lastKnownFileType = file.storyboard; name = Base; path = Base.lproj/Home.storyboard; sourceTree = "<group>"; };
		42D0A82B21675623008DC02D /* Base */ = {isa = PBXFileReference; lastKnownFileType = file.storyboard; name = Base; path = Base.lproj/Live.storyboard; sourceTree = "<group>"; };
		42D0A82E21675651008DC02D /* Base */ = {isa = PBXFileReference; lastKnownFileType = file.storyboard; name = Base; path = Base.lproj/Follow.storyboard; sourceTree = "<group>"; };
		42D0A83121675674008DC02D /* Base */ = {isa = PBXFileReference; lastKnownFileType = file.storyboard; name = Base; path = Base.lproj/Profile.storyboard; sourceTree = "<group>"; };
		42DA07032187232A00C282AA /* CollectionCycleCell.swift */ = {isa = PBXFileReference; lastKnownFileType = sourcecode.swift; path = CollectionCycleCell.swift; sourceTree = "<group>"; };
		42DA07042187232A00C282AA /* CollectionCycleCell.xib */ = {isa = PBXFileReference; lastKnownFileType = file.xib; path = CollectionCycleCell.xib; sourceTree = "<group>"; };
		42E78980219C192F0076278F /* AmuseMenuView.swift */ = {isa = PBXFileReference; lastKnownFileType = sourcecode.swift; path = AmuseMenuView.swift; sourceTree = "<group>"; };
		42E78982219C19450076278F /* AmuseMenuView.xib */ = {isa = PBXFileReference; lastKnownFileType = file.xib; path = AmuseMenuView.xib; sourceTree = "<group>"; };
		42E78984219C37DA0076278F /* AmuseMenuViewCell.swift */ = {isa = PBXFileReference; lastKnownFileType = sourcecode.swift; path = AmuseMenuViewCell.swift; sourceTree = "<group>"; };
		42E78985219C37DA0076278F /* AmuseMenuViewCell.xib */ = {isa = PBXFileReference; lastKnownFileType = file.xib; path = AmuseMenuViewCell.xib; sourceTree = "<group>"; };
		42F6C595216CA99C0002B0E9 /* UIColor-Extension.swift */ = {isa = PBXFileReference; lastKnownFileType = sourcecode.swift; path = "UIColor-Extension.swift"; sourceTree = "<group>"; };
		F0409D6E635D422B540EC64D /* Pods-DYZB.release.xcconfig */ = {isa = PBXFileReference; includeInIndex = 1; lastKnownFileType = text.xcconfig; name = "Pods-DYZB.release.xcconfig"; path = "Pods/Target Support Files/Pods-DYZB/Pods-DYZB.release.xcconfig"; sourceTree = "<group>"; };
/* End PBXFileReference section */

/* Begin PBXFrameworksBuildPhase section */
		42D0A80221662BD1008DC02D /* Frameworks */ = {
			isa = PBXFrameworksBuildPhase;
			buildActionMask = 2147483647;
			files = (
				BCBCC1CCC5A2A2AA91B90B77 /* Pods_DYZB.framework in Frameworks */,
			);
			runOnlyForDeploymentPostprocessing = 0;
		};
/* End PBXFrameworksBuildPhase section */

/* Begin PBXGroup section */
		423414522167692F00697623 /* Controller */ = {
			isa = PBXGroup;
			children = (
				42D0A827216755DA008DC02D /* Home.storyboard */,
				42341458216769C900697623 /* HomeViewController.swift */,
				4251B1E321709DE700E83E71 /* RecommendViewController.swift */,
				420E949421958B19005501CA /* GameViewController.swift */,
				42080732219ACBF400ADDAA4 /* AmuseViewController.swift */,
				424E1076219EAA5C00497EF8 /* FunnyViewController.swift */,
			);
			path = Controller;
			sourceTree = "<group>";
		};
		423414532167693500697623 /* View */ = {
			isa = PBXGroup;
			children = (
				428C16DF21748E4100725129 /* CollectionHeaderView.swift */,
				428C16E021748E4100725129 /* CollectionHeaderView.xib */,
				424BEC3C21830595001DF373 /* RecommendCycleView.swift */,
				424BEC3E218305EC001DF373 /* RecommendCycleView.xib */,
				42DA07032187232A00C282AA /* CollectionCycleCell.swift */,
				42DA07042187232A00C282AA /* CollectionCycleCell.xib */,
				4244DAB4218860AA00C1C5F2 /* RecommendGameView.swift */,
				4244DAB6218860BC00C1C5F2 /* RecommendGameView.xib */,
				4244DAB821886F4100C1C5F2 /* CollectionGameCell.swift */,
				4244DAB921886F4100C1C5F2 /* CollectionGameCell.xib */,
				42E78980219C192F0076278F /* AmuseMenuView.swift */,
				42E78982219C19450076278F /* AmuseMenuView.xib */,
				42E78984219C37DA0076278F /* AmuseMenuViewCell.swift */,
				42E78985219C37DA0076278F /* AmuseMenuViewCell.xib */,
			);
			path = View;
			sourceTree = "<group>";
		};
		423414542167693C00697623 /* Model */ = {
			isa = PBXGroup;
			children = (
				424BEC40218325AE001DF373 /* CycleModel.swift */,
				4270D43B219973A800AB6313 /* GameModel.swift */,
			);
			path = Model;
			sourceTree = "<group>";
		};
		423414552167695E00697623 /* Controller */ = {
			isa = PBXGroup;
			children = (
				42D0A80C21662BD1008DC02D /* Main.storyboard */,
				4234145021675CE100697623 /* MainViewController.swift */,
				42080736219AE51800ADDAA4 /* BaseAnchorViewController.swift */,
			);
			path = Controller;
			sourceTree = "<group>";
		};
		423414562167696100697623 /* View */ = {
			isa = PBXGroup;
			children = (
				4259DBF8216B4F4A0017C242 /* PageTitleView.swift */,
				4259DBFC216B716C0017C242 /* PageContentView.swift */,
				428C16E52174984200725129 /* CollectionNormalCell.swift */,
				428C16E62174984200725129 /* CollectionNormalCell.xib */,
				428C16E921749F1800725129 /* CollectionPrettyCell.swift */,
				428C16EA21749F1800725129 /* CollectionPrettyCell.xib */,
				429DD47A2181D2A800257686 /* CollectionBaseCell.swift */,
			);
			path = View;
			sourceTree = "<group>";
		};
		423414572167696400697623 /* Model */ = {
			isa = PBXGroup;
			children = (
				4246B7EB217883F70038AC88 /* BaseGameModel.swift */,
				423EEDA02175FE85009712EF /* AnchorGroup.swift */,
				423EEDA2217602A9009712EF /* AnchorModel.swift */,
			);
			path = Model;
			sourceTree = "<group>";
		};
		4234145A216772BB00697623 /* Extension */ = {
			isa = PBXGroup;
			children = (
				4234145B2167730800697623 /* UIBarButtonItem-Extension.swift */,
				42F6C595216CA99C0002B0E9 /* UIColor-Extension.swift */,
				423EED9E2175F44E009712EF /* Date-Extension.swift */,
			);
			path = Extension;
			sourceTree = "<group>";
		};
		423EED9B2175F0C8009712EF /* ViewModel */ = {
			isa = PBXGroup;
			children = (
				423EED9C2175F121009712EF /* RecommendViewModel.swift */,
				4270D43921996FEF00AB6313 /* GameViewModel.swift */,
				42080734219AD58C00ADDAA4 /* AmuseViewModel.swift */,
			);
			path = ViewModel;
			sourceTree = "<group>";
		};
		4246B7EF217887B50038AC88 /* ViewModel */ = {
			isa = PBXGroup;
			children = (
				4246B7ED2178878C0038AC88 /* BaseViewModel.swift */,
			);
			path = ViewModel;
			sourceTree = "<group>";
		};
		42D0A7FC21662BD1008DC02D = {
			isa = PBXGroup;
			children = (
				42D0A80721662BD1008DC02D /* DYZB */,
				42D0A80621662BD1008DC02D /* Products */,
				90B9EA023C9DD3D772D21B25 /* Pods */,
				E22EE8AC48DC9A8496BAA655 /* Frameworks */,
			);
			sourceTree = "<group>";
		};
		42D0A80621662BD1008DC02D /* Products */ = {
			isa = PBXGroup;
			children = (
				42D0A80521662BD1008DC02D /* DYZB.app */,
			);
			name = Products;
			sourceTree = "<group>";
		};
		42D0A80721662BD1008DC02D /* DYZB */ = {
			isa = PBXGroup;
			children = (
				42D0A81A21662DFD008DC02D /* Classes */,
				42D0A80821662BD1008DC02D /* AppDelegate.swift */,
				42D0A80F21662BD2008DC02D /* Assets.xcassets */,
				42D0A81121662BD2008DC02D /* LaunchScreen.storyboard */,
				42D0A81421662BD2008DC02D /* Info.plist */,
			);
			path = DYZB;
			sourceTree = "<group>";
		};
		42D0A81A21662DFD008DC02D /* Classes */ = {
			isa = PBXGroup;
			children = (
				42D0A81B21662E0E008DC02D /* Main */,
				42D0A81C21662E1E008DC02D /* Home */,
				42D0A81E21662E2D008DC02D /* Live */,
				42D0A81D21662E26008DC02D /* Follow */,
				42D0A82021662E3E008DC02D /* Profile */,
				42D0A81F21662E35008DC02D /* Tools */,
			);
			path = Classes;
			sourceTree = "<group>";
		};
		42D0A81B21662E0E008DC02D /* Main */ = {
			isa = PBXGroup;
			children = (
				4246B7EF217887B50038AC88 /* ViewModel */,
				423414572167696400697623 /* Model */,
				423414562167696100697623 /* View */,
				423414552167695E00697623 /* Controller */,
			);
			path = Main;
			sourceTree = "<group>";
		};
		42D0A81C21662E1E008DC02D /* Home */ = {
			isa = PBXGroup;
			children = (
				423EED9B2175F0C8009712EF /* ViewModel */,
				423414542167693C00697623 /* Model */,
				423414532167693500697623 /* View */,
				423414522167692F00697623 /* Controller */,
			);
			path = Home;
			sourceTree = "<group>";
		};
		42D0A81D21662E26008DC02D /* Follow */ = {
			isa = PBXGroup;
			children = (
				42D0A82D21675651008DC02D /* Follow.storyboard */,
			);
			path = Follow;
			sourceTree = "<group>";
		};
		42D0A81E21662E2D008DC02D /* Live */ = {
			isa = PBXGroup;
			children = (
				42D0A82A21675623008DC02D /* Live.storyboard */,
			);
			path = Live;
			sourceTree = "<group>";
		};
		42D0A81F21662E35008DC02D /* Tools */ = {
			isa = PBXGroup;
			children = (
				4234145A216772BB00697623 /* Extension */,
				4259DBFA216B58070017C242 /* Common.swift */,
				423EED992175E7E6009712EF /* NetworkTools.swift */,
			);
			path = Tools;
			sourceTree = "<group>";
		};
		42D0A82021662E3E008DC02D /* Profile */ = {
			isa = PBXGroup;
			children = (
				42D0A83021675674008DC02D /* Profile.storyboard */,
			);
			path = Profile;
			sourceTree = "<group>";
		};
		90B9EA023C9DD3D772D21B25 /* Pods */ = {
			isa = PBXGroup;
			children = (
				200B7DF52225801DE6AF405A /* Pods-DYZB.debug.xcconfig */,
				F0409D6E635D422B540EC64D /* Pods-DYZB.release.xcconfig */,
			);
			name = Pods;
			sourceTree = "<group>";
		};
		E22EE8AC48DC9A8496BAA655 /* Frameworks */ = {
			isa = PBXGroup;
			children = (
				1165720147EFEAC83B3CFE7C /* Pods_DYZB.framework */,
			);
			name = Frameworks;
			sourceTree = "<group>";
		};
/* End PBXGroup section */

/* Begin PBXNativeTarget section */
		42D0A80421662BD1008DC02D /* DYZB */ = {
			isa = PBXNativeTarget;
			buildConfigurationList = 42D0A81721662BD2008DC02D /* Build configuration list for PBXNativeTarget "DYZB" */;
			buildPhases = (
				861895278A56B803B9B61EBB /* [CP] Check Pods Manifest.lock */,
				42D0A80121662BD1008DC02D /* Sources */,
				42D0A80221662BD1008DC02D /* Frameworks */,
				42D0A80321662BD1008DC02D /* Resources */,
				A573C81915C2C61E8BA1D859 /* [CP] Embed Pods Frameworks */,
				2DC743A87048329EDF0B96E6 /* [CP] Copy Pods Resources */,
			);
			buildRules = (
			);
			dependencies = (
			);
			name = DYZB;
			productName = DYZB;
			productReference = 42D0A80521662BD1008DC02D /* DYZB.app */;
			productType = "com.apple.product-type.application";
		};
/* End PBXNativeTarget section */

/* Begin PBXProject section */
		42D0A7FD21662BD1008DC02D /* Project object */ = {
			isa = PBXProject;
			attributes = {
				LastSwiftUpdateCheck = 1000;
				LastUpgradeCheck = 1000;
				ORGANIZATIONNAME = ChrisYoung;
				TargetAttributes = {
					42D0A80421662BD1008DC02D = {
						CreatedOnToolsVersion = 10.0;
					};
				};
			};
			buildConfigurationList = 42D0A80021662BD1008DC02D /* Build configuration list for PBXProject "DYZB" */;
			compatibilityVersion = "Xcode 9.3";
			developmentRegion = en;
			hasScannedForEncodings = 0;
			knownRegions = (
				en,
				Base,
			);
			mainGroup = 42D0A7FC21662BD1008DC02D;
			productRefGroup = 42D0A80621662BD1008DC02D /* Products */;
			projectDirPath = "";
			projectRoot = "";
			targets = (
				42D0A80421662BD1008DC02D /* DYZB */,
			);
		};
/* End PBXProject section */

/* Begin PBXResourcesBuildPhase section */
		42D0A80321662BD1008DC02D /* Resources */ = {
			isa = PBXResourcesBuildPhase;
			buildActionMask = 2147483647;
			files = (
				42D0A81321662BD2008DC02D /* LaunchScreen.storyboard in Resources */,
				42E78987219C37DA0076278F /* AmuseMenuViewCell.xib in Resources */,
				428C16E221748E4100725129 /* CollectionHeaderView.xib in Resources */,
				428C16E82174984200725129 /* CollectionNormalCell.xib in Resources */,
				42D0A81021662BD2008DC02D /* Assets.xcassets in Resources */,
				42D0A80E21662BD1008DC02D /* Main.storyboard in Resources */,
				42D0A82C21675623008DC02D /* Live.storyboard in Resources */,
				42D0A829216755DA008DC02D /* Home.storyboard in Resources */,
				4244DABB21886F4100C1C5F2 /* CollectionGameCell.xib in Resources */,
				42E78983219C19450076278F /* AmuseMenuView.xib in Resources */,
				424BEC3F218305EC001DF373 /* RecommendCycleView.xib in Resources */,
				42DA07062187232A00C282AA /* CollectionCycleCell.xib in Resources */,
				428C16EC21749F1800725129 /* CollectionPrettyCell.xib in Resources */,
				42D0A83221675674008DC02D /* Profile.storyboard in Resources */,
				4244DAB7218860BC00C1C5F2 /* RecommendGameView.xib in Resources */,
				42D0A82F21675651008DC02D /* Follow.storyboard in Resources */,
			);
			runOnlyForDeploymentPostprocessing = 0;
		};
/* End PBXResourcesBuildPhase section */

/* Begin PBXShellScriptBuildPhase section */
		2DC743A87048329EDF0B96E6 /* [CP] Copy Pods Resources */ = {
			isa = PBXShellScriptBuildPhase;
			buildActionMask = 2147483647;
			files = (
			);
			inputPaths = (
			);
			name = "[CP] Copy Pods Resources";
			outputPaths = (
			);
			runOnlyForDeploymentPostprocessing = 0;
			shellPath = /bin/sh;
			shellScript = "\"${SRCROOT}/Pods/Target Support Files/Pods-DYZB/Pods-DYZB-resources.sh\"\n";
			showEnvVarsInLog = 0;
		};
		861895278A56B803B9B61EBB /* [CP] Check Pods Manifest.lock */ = {
			isa = PBXShellScriptBuildPhase;
			buildActionMask = 2147483647;
			files = (
			);
			inputPaths = (
				"${PODS_PODFILE_DIR_PATH}/Podfile.lock",
				"${PODS_ROOT}/Manifest.lock",
			);
			name = "[CP] Check Pods Manifest.lock";
			outputPaths = (
				"$(DERIVED_FILE_DIR)/Pods-DYZB-checkManifestLockResult.txt",
			);
			runOnlyForDeploymentPostprocessing = 0;
			shellPath = /bin/sh;
			shellScript = "diff \"${PODS_PODFILE_DIR_PATH}/Podfile.lock\" \"${PODS_ROOT}/Manifest.lock\" > /dev/null\nif [ $? != 0 ] ; then\n    # print error to STDERR\n    echo \"error: The sandbox is not in sync with the Podfile.lock. Run 'pod install' or update your CocoaPods installation.\" >&2\n    exit 1\nfi\n# This output is used by Xcode 'outputs' to avoid re-running this script phase.\necho \"SUCCESS\" > \"${SCRIPT_OUTPUT_FILE_0}\"\n";
			showEnvVarsInLog = 0;
		};
		A573C81915C2C61E8BA1D859 /* [CP] Embed Pods Frameworks */ = {
			isa = PBXShellScriptBuildPhase;
			buildActionMask = 2147483647;
			files = (
			);
			inputPaths = (
				"${SRCROOT}/Pods/Target Support Files/Pods-DYZB/Pods-DYZB-frameworks.sh",
				"${BUILT_PRODUCTS_DIR}/Alamofire/Alamofire.framework",
				"${BUILT_PRODUCTS_DIR}/Kingfisher/Kingfisher.framework",
				"${BUILT_PRODUCTS_DIR}/SwiftyJSON/SwiftyJSON.framework",
			);
			name = "[CP] Embed Pods Frameworks";
			outputPaths = (
				"${TARGET_BUILD_DIR}/${FRAMEWORKS_FOLDER_PATH}/Alamofire.framework",
				"${TARGET_BUILD_DIR}/${FRAMEWORKS_FOLDER_PATH}/Kingfisher.framework",
				"${TARGET_BUILD_DIR}/${FRAMEWORKS_FOLDER_PATH}/SwiftyJSON.framework",
			);
			runOnlyForDeploymentPostprocessing = 0;
			shellPath = /bin/sh;
			shellScript = "\"${SRCROOT}/Pods/Target Support Files/Pods-DYZB/Pods-DYZB-frameworks.sh\"\n";
			showEnvVarsInLog = 0;
		};
/* End PBXShellScriptBuildPhase section */

/* Begin PBXSourcesBuildPhase section */
		42D0A80121662BD1008DC02D /* Sources */ = {
			isa = PBXSourcesBuildPhase;
			buildActionMask = 2147483647;
			files = (
				42D0A80921662BD1008DC02D /* AppDelegate.swift in Sources */,
				428C16E121748E4100725129 /* CollectionHeaderView.swift in Sources */,
				42F6C596216CA99C0002B0E9 /* UIColor-Extension.swift in Sources */,
				4251B1E421709DE700E83E71 /* RecommendViewController.swift in Sources */,
				420E949521958B19005501CA /* GameViewController.swift in Sources */,
				4270D43C219973A800AB6313 /* GameModel.swift in Sources */,
				42080737219AE51800ADDAA4 /* BaseAnchorViewController.swift in Sources */,
				423EEDA12175FE85009712EF /* AnchorGroup.swift in Sources */,
				424BEC3D21830595001DF373 /* RecommendCycleView.swift in Sources */,
				4234145121675CE100697623 /* MainViewController.swift in Sources */,
				42E78986219C37DA0076278F /* AmuseMenuViewCell.swift in Sources */,
				424E1077219EAA5C00497EF8 /* FunnyViewController.swift in Sources */,
				4259DBF9216B4F4A0017C242 /* PageTitleView.swift in Sources */,
				4270D43A21996FEF00AB6313 /* GameViewModel.swift in Sources */,
				4259DBFD216B716C0017C242 /* PageContentView.swift in Sources */,
				42080733219ACBF400ADDAA4 /* AmuseViewController.swift in Sources */,
				4234145C2167730800697623 /* UIBarButtonItem-Extension.swift in Sources */,
				4259DBFB216B58070017C242 /* Common.swift in Sources */,
				429DD47B2181D2A800257686 /* CollectionBaseCell.swift in Sources */,
				42080735219AD58C00ADDAA4 /* AmuseViewModel.swift in Sources */,
				428C16EB21749F1800725129 /* CollectionPrettyCell.swift in Sources */,
				4244DABA21886F4100C1C5F2 /* CollectionGameCell.swift in Sources */,
				423EED9F2175F44E009712EF /* Date-Extension.swift in Sources */,
				42DA07052187232A00C282AA /* CollectionCycleCell.swift in Sources */,
				4246B7EC217883F70038AC88 /* BaseGameModel.swift in Sources */,
				428C16E72174984200725129 /* CollectionNormalCell.swift in Sources */,
				4244DAB5218860AA00C1C5F2 /* RecommendGameView.swift in Sources */,
				42E78981219C192F0076278F /* AmuseMenuView.swift in Sources */,
				4246B7EE2178878C0038AC88 /* BaseViewModel.swift in Sources */,
				423EED9A2175E7E6009712EF /* NetworkTools.swift in Sources */,
				42341459216769C900697623 /* HomeViewController.swift in Sources */,
				423EED9D2175F121009712EF /* RecommendViewModel.swift in Sources */,
				424BEC41218325AE001DF373 /* CycleModel.swift in Sources */,
				423EEDA3217602A9009712EF /* AnchorModel.swift in Sources */,
			);
			runOnlyForDeploymentPostprocessing = 0;
		};
/* End PBXSourcesBuildPhase section */

/* Begin PBXVariantGroup section */
		42D0A80C21662BD1008DC02D /* Main.storyboard */ = {
			isa = PBXVariantGroup;
			children = (
				42D0A80D21662BD1008DC02D /* Base */,
			);
			name = Main.storyboard;
			sourceTree = "<group>";
		};
		42D0A81121662BD2008DC02D /* LaunchScreen.storyboard */ = {
			isa = PBXVariantGroup;
			children = (
				42D0A81221662BD2008DC02D /* Base */,
			);
			name = LaunchScreen.storyboard;
			sourceTree = "<group>";
		};
		42D0A827216755DA008DC02D /* Home.storyboard */ = {
			isa = PBXVariantGroup;
			children = (
				42D0A828216755DA008DC02D /* Base */,
			);
			name = Home.storyboard;
			sourceTree = "<group>";
		};
		42D0A82A21675623008DC02D /* Live.storyboard */ = {
			isa = PBXVariantGroup;
			children = (
				42D0A82B21675623008DC02D /* Base */,
			);
			name = Live.storyboard;
			sourceTree = "<group>";
		};
		42D0A82D21675651008DC02D /* Follow.storyboard */ = {
			isa = PBXVariantGroup;
			children = (
				42D0A82E21675651008DC02D /* Base */,
			);
			name = Follow.storyboard;
			sourceTree = "<group>";
		};
		42D0A83021675674008DC02D /* Profile.storyboard */ = {
			isa = PBXVariantGroup;
			children = (
				42D0A83121675674008DC02D /* Base */,
			);
			name = Profile.storyboard;
			sourceTree = "<group>";
		};
/* End PBXVariantGroup section */

/* Begin XCBuildConfiguration section */
		42D0A81521662BD2008DC02D /* Debug */ = {
			isa = XCBuildConfiguration;
			buildSettings = {
				ALWAYS_SEARCH_USER_PATHS = NO;
				CLANG_ANALYZER_NONNULL = YES;
				CLANG_ANALYZER_NUMBER_OBJECT_CONVERSION = YES_AGGRESSIVE;
				CLANG_CXX_LANGUAGE_STANDARD = "gnu++14";
				CLANG_CXX_LIBRARY = "libc++";
				CLANG_ENABLE_MODULES = YES;
				CLANG_ENABLE_OBJC_ARC = YES;
				CLANG_ENABLE_OBJC_WEAK = YES;
				CLANG_WARN_BLOCK_CAPTURE_AUTORELEASING = YES;
				CLANG_WARN_BOOL_CONVERSION = YES;
				CLANG_WARN_COMMA = YES;
				CLANG_WARN_CONSTANT_CONVERSION = YES;
				CLANG_WARN_DEPRECATED_OBJC_IMPLEMENTATIONS = YES;
				CLANG_WARN_DIRECT_OBJC_ISA_USAGE = YES_ERROR;
				CLANG_WARN_DOCUMENTATION_COMMENTS = YES;
				CLANG_WARN_EMPTY_BODY = YES;
				CLANG_WARN_ENUM_CONVERSION = YES;
				CLANG_WARN_INFINITE_RECURSION = YES;
				CLANG_WARN_INT_CONVERSION = YES;
				CLANG_WARN_NON_LITERAL_NULL_CONVERSION = YES;
				CLANG_WARN_OBJC_IMPLICIT_RETAIN_SELF = YES;
				CLANG_WARN_OBJC_LITERAL_CONVERSION = YES;
				CLANG_WARN_OBJC_ROOT_CLASS = YES_ERROR;
				CLANG_WARN_RANGE_LOOP_ANALYSIS = YES;
				CLANG_WARN_STRICT_PROTOTYPES = YES;
				CLANG_WARN_SUSPICIOUS_MOVE = YES;
				CLANG_WARN_UNGUARDED_AVAILABILITY = YES_AGGRESSIVE;
				CLANG_WARN_UNREACHABLE_CODE = YES;
				CLANG_WARN__DUPLICATE_METHOD_MATCH = YES;
				CODE_SIGN_IDENTITY = "iPhone Developer";
				COPY_PHASE_STRIP = NO;
				DEBUG_INFORMATION_FORMAT = dwarf;
				ENABLE_STRICT_OBJC_MSGSEND = YES;
				ENABLE_TESTABILITY = YES;
				GCC_C_LANGUAGE_STANDARD = gnu11;
				GCC_DYNAMIC_NO_PIC = NO;
				GCC_NO_COMMON_BLOCKS = YES;
				GCC_OPTIMIZATION_LEVEL = 0;
				GCC_PREPROCESSOR_DEFINITIONS = (
					"DEBUG=1",
					"$(inherited)",
				);
				GCC_WARN_64_TO_32_BIT_CONVERSION = YES;
				GCC_WARN_ABOUT_RETURN_TYPE = YES_ERROR;
				GCC_WARN_UNDECLARED_SELECTOR = YES;
				GCC_WARN_UNINITIALIZED_AUTOS = YES_AGGRESSIVE;
				GCC_WARN_UNUSED_FUNCTION = YES;
				GCC_WARN_UNUSED_VARIABLE = YES;
				IPHONEOS_DEPLOYMENT_TARGET = 12.0;
				MTL_ENABLE_DEBUG_INFO = INCLUDE_SOURCE;
				MTL_FAST_MATH = YES;
				ONLY_ACTIVE_ARCH = YES;
				SDKROOT = iphoneos;
				SWIFT_ACTIVE_COMPILATION_CONDITIONS = DEBUG;
				SWIFT_OPTIMIZATION_LEVEL = "-Onone";
			};
			name = Debug;
		};
		42D0A81621662BD2008DC02D /* Release */ = {
			isa = XCBuildConfiguration;
			buildSettings = {
				ALWAYS_SEARCH_USER_PATHS = NO;
				CLANG_ANALYZER_NONNULL = YES;
				CLANG_ANALYZER_NUMBER_OBJECT_CONVERSION = YES_AGGRESSIVE;
				CLANG_CXX_LANGUAGE_STANDARD = "gnu++14";
				CLANG_CXX_LIBRARY = "libc++";
				CLANG_ENABLE_MODULES = YES;
				CLANG_ENABLE_OBJC_ARC = YES;
				CLANG_ENABLE_OBJC_WEAK = YES;
				CLANG_WARN_BLOCK_CAPTURE_AUTORELEASING = YES;
				CLANG_WARN_BOOL_CONVERSION = YES;
				CLANG_WARN_COMMA = YES;
				CLANG_WARN_CONSTANT_CONVERSION = YES;
				CLANG_WARN_DEPRECATED_OBJC_IMPLEMENTATIONS = YES;
				CLANG_WARN_DIRECT_OBJC_ISA_USAGE = YES_ERROR;
				CLANG_WARN_DOCUMENTATION_COMMENTS = YES;
				CLANG_WARN_EMPTY_BODY = YES;
				CLANG_WARN_ENUM_CONVERSION = YES;
				CLANG_WARN_INFINITE_RECURSION = YES;
				CLANG_WARN_INT_CONVERSION = YES;
				CLANG_WARN_NON_LITERAL_NULL_CONVERSION = YES;
				CLANG_WARN_OBJC_IMPLICIT_RETAIN_SELF = YES;
				CLANG_WARN_OBJC_LITERAL_CONVERSION = YES;
				CLANG_WARN_OBJC_ROOT_CLASS = YES_ERROR;
				CLANG_WARN_RANGE_LOOP_ANALYSIS = YES;
				CLANG_WARN_STRICT_PROTOTYPES = YES;
				CLANG_WARN_SUSPICIOUS_MOVE = YES;
				CLANG_WARN_UNGUARDED_AVAILABILITY = YES_AGGRESSIVE;
				CLANG_WARN_UNREACHABLE_CODE = YES;
				CLANG_WARN__DUPLICATE_METHOD_MATCH = YES;
				CODE_SIGN_IDENTITY = "iPhone Developer";
				COPY_PHASE_STRIP = NO;
				DEBUG_INFORMATION_FORMAT = "dwarf-with-dsym";
				ENABLE_NS_ASSERTIONS = NO;
				ENABLE_STRICT_OBJC_MSGSEND = YES;
				GCC_C_LANGUAGE_STANDARD = gnu11;
				GCC_NO_COMMON_BLOCKS = YES;
				GCC_WARN_64_TO_32_BIT_CONVERSION = YES;
				GCC_WARN_ABOUT_RETURN_TYPE = YES_ERROR;
				GCC_WARN_UNDECLARED_SELECTOR = YES;
				GCC_WARN_UNINITIALIZED_AUTOS = YES_AGGRESSIVE;
				GCC_WARN_UNUSED_FUNCTION = YES;
				GCC_WARN_UNUSED_VARIABLE = YES;
				IPHONEOS_DEPLOYMENT_TARGET = 12.0;
				MTL_ENABLE_DEBUG_INFO = NO;
				MTL_FAST_MATH = YES;
				SDKROOT = iphoneos;
				SWIFT_COMPILATION_MODE = wholemodule;
				SWIFT_OPTIMIZATION_LEVEL = "-O";
				VALIDATE_PRODUCT = YES;
			};
			name = Release;
		};
		42D0A81821662BD2008DC02D /* Debug */ = {
			isa = XCBuildConfiguration;
			baseConfigurationReference = 200B7DF52225801DE6AF405A /* Pods-DYZB.debug.xcconfig */;
			buildSettings = {
				ASSETCATALOG_COMPILER_APPICON_NAME = AppIcon;
				ASSETCATALOG_COMPILER_LAUNCHIMAGE_NAME = "Brand Assets";
				CODE_SIGN_STYLE = Automatic;
				DEVELOPMENT_TEAM = T9EWCF83UK;
				INFOPLIST_FILE = DYZB/Info.plist;
				IPHONEOS_DEPLOYMENT_TARGET = 9.0;
				LD_RUNPATH_SEARCH_PATHS = (
					"$(inherited)",
					"@executable_path/Frameworks",
				);
				PRODUCT_BUNDLE_IDENTIFIER = com.chrisyoung.DYZB;
				PRODUCT_NAME = "$(TARGET_NAME)";
				SWIFT_VERSION = 4.2;
				TARGETED_DEVICE_FAMILY = 1;
			};
			name = Debug;
		};
		42D0A81921662BD2008DC02D /* Release */ = {
			isa = XCBuildConfiguration;
			baseConfigurationReference = F0409D6E635D422B540EC64D /* Pods-DYZB.release.xcconfig */;
			buildSettings = {
				ASSETCATALOG_COMPILER_APPICON_NAME = AppIcon;
				ASSETCATALOG_COMPILER_LAUNCHIMAGE_NAME = "Brand Assets";
				CODE_SIGN_STYLE = Automatic;
				DEVELOPMENT_TEAM = T9EWCF83UK;
				INFOPLIST_FILE = DYZB/Info.plist;
				IPHONEOS_DEPLOYMENT_TARGET = 9.0;
				LD_RUNPATH_SEARCH_PATHS = (
					"$(inherited)",
					"@executable_path/Frameworks",
				);
				PRODUCT_BUNDLE_IDENTIFIER = com.chrisyoung.DYZB;
				PRODUCT_NAME = "$(TARGET_NAME)";
				SWIFT_VERSION = 4.2;
				TARGETED_DEVICE_FAMILY = 1;
			};
			name = Release;
		};
/* End XCBuildConfiguration section */

/* Begin XCConfigurationList section */
		42D0A80021662BD1008DC02D /* Build configuration list for PBXProject "DYZB" */ = {
			isa = XCConfigurationList;
			buildConfigurations = (
				42D0A81521662BD2008DC02D /* Debug */,
				42D0A81621662BD2008DC02D /* Release */,
			);
			defaultConfigurationIsVisible = 0;
			defaultConfigurationName = Release;
		};
		42D0A81721662BD2008DC02D /* Build configuration list for PBXNativeTarget "DYZB" */ = {
			isa = XCConfigurationList;
			buildConfigurations = (
				42D0A81821662BD2008DC02D /* Debug */,
				42D0A81921662BD2008DC02D /* Release */,
			);
			defaultConfigurationIsVisible = 0;
			defaultConfigurationName = Release;
		};
/* End XCConfigurationList section */
	};
	rootObject = 42D0A7FD21662BD1008DC02D /* Project object */;
}
